
Microsoft Visual Studio Solution File, Format Version 12.00
# Visual Studio Version 17
VisualStudioVersion = 17.1.32407.343
MinimumVisualStudioVersion = 10.0.40219.1
Project("{9A19103F-16F7-4668-BE54-9A1E7A4F7556}") = "Hastane_proje", "Hastane_proje\Hastane_proje.csproj", "{6B35A7F5-1057-460C-9FCF-007017D95154}"
EndProject
Project("{9A19103F-16F7-4668-BE54-9A1E7A4F7556}") = "Okul_Projesi", "Kutuphane_projesi\Okul_Projesi.csproj", "{F8ECD511-B05E-4540-9E06-FC1ED03ED0E4}"
EndProject
Project("{FAE04EC0-301F-11D3-BF4B-00C04F79EFBC}") = "Not_sistemi", "Not_sistemi\Not_sistemi.csproj", "{90488637-55B4-40DF-BD8F-A23D4A164B7D}"
EndProject
Global
	GlobalSection(SolutionConfigurationPlatforms) = preSolution
		Debug|Any CPU = Debug|Any CPU
		Release|Any CPU = Release|Any CPU
	EndGlobalSection
	GlobalSection(ProjectConfigurationPlatforms) = postSolution
		{6B35A7F5-1057-460C-9FCF-007017D95154}.Debug|Any CPU.ActiveCfg = Debug|Any CPU
		{6B35A7F5-1057-460C-9FCF-007017D95154}.Debug|Any CPU.Build.0 = Debug|Any CPU
		{6B35A7F5-1057-460C-9FCF-007017D95154}.Release|Any CPU.ActiveCfg = Release|Any CPU
		{6B35A7F5-1057-460C-9FCF-007017D95154}.Release|Any CPU.Build.0 = Release|Any CPU
		{F8ECD511-B05E-4540-9E06-FC1ED03ED0E4}.Debug|Any CPU.ActiveCfg = Debug|Any CPU
		{F8ECD511-B05E-4540-9E06-FC1ED03ED0E4}.Debug|Any CPU.Build.0 = Debug|Any CPU
		{F8ECD511-B05E-4540-9E06-FC1ED03ED0E4}.Release|Any CPU.ActiveCfg = Release|Any CPU
		{F8ECD511-B05E-4540-9E06-FC1ED03ED0E4}.Release|Any CPU.Build.0 = Release|Any CPU
		{90488637-55B4-40DF-BD8F-A23D4A164B7D}.Debug|Any CPU.ActiveCfg = Debug|Any CPU
		{90488637-55B4-40DF-BD8F-A23D4A164B7D}.Debug|Any CPU.Build.0 = Debug|Any CPU
		{90488637-55B4-40DF-BD8F-A23D4A164B7D}.Release|Any CPU.ActiveCfg = Release|Any CPU
		{90488637-55B4-40DF-BD8F-A23D4A164B7D}.Release|Any CPU.Build.0 = Release|Any CPU
	EndGlobalSection
	GlobalSection(SolutionProperties) = preSolution
		HideSolutionNode = FALSE
	EndGlobalSection
	GlobalSection(ExtensibilityGlobals) = postSolution
		SolutionGuid = {88341033-9CE4-4D67-B69D-C08162A31521}
	EndGlobalSection
EndGlobal
